// !$*UTF8*$!
{
	archiveVersion = 1;
	classes = {
	};
	objectVersion = 50;
	objects = {

/* Begin PBXBuildFile section */
		1752C9FC266A539F00F4A798 /* SidebarList.swift in Sources */ = {isa = PBXBuildFile; fileRef = 179C9DCF2655B49300373CF9 /* SidebarList.swift */; };
		1752C9FD266A539F00F4A798 /* SecondaryView.swift in Sources */ = {isa = PBXBuildFile; fileRef = 179C9DD32655B6A000373CF9 /* SecondaryView.swift */; };
		1752C9FF266A539F00F4A798 /* ContentView.swift in Sources */ = {isa = PBXBuildFile; fileRef = 17AAC5A12651384800233118 /* ContentView.swift */; };
		1752CA00266A539F00F4A798 /* Extensions.swift in Sources */ = {isa = PBXBuildFile; fileRef = 17CE041526696E2600A3A6DA /* Extensions.swift */; };
		1752CA01266A539F00F4A798 /* PrimaryView.swift in Sources */ = {isa = PBXBuildFile; fileRef = 179C9DD12655B5B800373CF9 /* PrimaryView.swift */; };
		1752CA02266A539F00F4A798 /* Model.swift in Sources */ = {isa = PBXBuildFile; fileRef = 179C9DCD26554CE500373CF9 /* Model.swift */; };
		1752CA04266A53F300F4A798 /* SwiftUI_SidebarApp.swift in Sources */ = {isa = PBXBuildFile; fileRef = 1752CA03266A53E600F4A798 /* SwiftUI_SidebarApp.swift */; };
		1752CA06266A603C00F4A798 /* Styling.swift in Sources */ = {isa = PBXBuildFile; fileRef = 1752CA05266A5FCB00F4A798 /* Styling.swift */; };
		1752CA07266A603D00F4A798 /* Styling.swift in Sources */ = {isa = PBXBuildFile; fileRef = 1752CA05266A5FCB00F4A798 /* Styling.swift */; };
		179C9DCE26554CE500373CF9 /* Model.swift in Sources */ = {isa = PBXBuildFile; fileRef = 179C9DCD26554CE500373CF9 /* Model.swift */; };
		179C9DD02655B49300373CF9 /* SidebarList.swift in Sources */ = {isa = PBXBuildFile; fileRef = 179C9DCF2655B49300373CF9 /* SidebarList.swift */; };
		179C9DD22655B5B800373CF9 /* PrimaryView.swift in Sources */ = {isa = PBXBuildFile; fileRef = 179C9DD12655B5B800373CF9 /* PrimaryView.swift */; };
		179C9DD42655B6A000373CF9 /* SecondaryView.swift in Sources */ = {isa = PBXBuildFile; fileRef = 179C9DD32655B6A000373CF9 /* SecondaryView.swift */; };
		17AAC5A02651384800233118 /* SwiftUI_SidebarApp.swift in Sources */ = {isa = PBXBuildFile; fileRef = 17AAC59F2651384800233118 /* SwiftUI_SidebarApp.swift */; };
		17AAC5A22651384800233118 /* ContentView.swift in Sources */ = {isa = PBXBuildFile; fileRef = 17AAC5A12651384800233118 /* ContentView.swift */; };
		17AAC5A42651384900233118 /* Assets.xcassets in Resources */ = {isa = PBXBuildFile; fileRef = 17AAC5A32651384900233118 /* Assets.xcassets */; };
		17AAC5A72651384900233118 /* Preview Assets.xcassets in Resources */ = {isa = PBXBuildFile; fileRef = 17AAC5A62651384900233118 /* Preview Assets.xcassets */; };
		17CE041626696E2600A3A6DA /* Extensions.swift in Sources */ = {isa = PBXBuildFile; fileRef = 17CE041526696E2600A3A6DA /* Extensions.swift */; };
/* End PBXBuildFile section */

/* Begin PBXFileReference section */
		1752C9EC266A51AA00F4A798 /* SwiftUI-Sidebar.app */ = {isa = PBXFileReference; explicitFileType = wrapper.application; includeInIndex = 0; path = "SwiftUI-Sidebar.app"; sourceTree = BUILT_PRODUCTS_DIR; };
		1752C9F7266A51AB00F4A798 /* Info.plist */ = {isa = PBXFileReference; lastKnownFileType = text.plist.xml; path = Info.plist; sourceTree = "<group>"; };
		1752C9F8266A51AB00F4A798 /* macOS.entitlements */ = {isa = PBXFileReference; lastKnownFileType = text.plist.entitlements; path = macOS.entitlements; sourceTree = "<group>"; };
		1752CA03266A53E600F4A798 /* SwiftUI_SidebarApp.swift */ = {isa = PBXFileReference; lastKnownFileType = sourcecode.swift; path = SwiftUI_SidebarApp.swift; sourceTree = "<group>"; };
		1752CA05266A5FCB00F4A798 /* Styling.swift */ = {isa = PBXFileReference; lastKnownFileType = sourcecode.swift; path = Styling.swift; sourceTree = "<group>"; };
		179C9DCD26554CE500373CF9 /* Model.swift */ = {isa = PBXFileReference; lastKnownFileType = sourcecode.swift; path = Model.swift; sourceTree = "<group>"; };
		179C9DCF2655B49300373CF9 /* SidebarList.swift */ = {isa = PBXFileReference; lastKnownFileType = sourcecode.swift; path = SidebarList.swift; sourceTree = "<group>"; };
		179C9DD12655B5B800373CF9 /* PrimaryView.swift */ = {isa = PBXFileReference; lastKnownFileType = sourcecode.swift; path = PrimaryView.swift; sourceTree = "<group>"; };
		179C9DD32655B6A000373CF9 /* SecondaryView.swift */ = {isa = PBXFileReference; lastKnownFileType = sourcecode.swift; path = SecondaryView.swift; sourceTree = "<group>"; };
		179C9DD82655BBF900373CF9 /* README.md */ = {isa = PBXFileReference; lastKnownFileType = net.daringfireball.markdown; path = README.md; sourceTree = "<group>"; };
		17AAC59C2651384800233118 /* SwiftUI-Sidebar.app */ = {isa = PBXFileReference; explicitFileType = wrapper.application; includeInIndex = 0; path = "SwiftUI-Sidebar.app"; sourceTree = BUILT_PRODUCTS_DIR; };
		17AAC59F2651384800233118 /* SwiftUI_SidebarApp.swift */ = {isa = PBXFileReference; lastKnownFileType = sourcecode.swift; path = SwiftUI_SidebarApp.swift; sourceTree = "<group>"; };
		17AAC5A12651384800233118 /* ContentView.swift */ = {isa = PBXFileReference; lastKnownFileType = sourcecode.swift; path = ContentView.swift; sourceTree = "<group>"; };
		17AAC5A32651384900233118 /* Assets.xcassets */ = {isa = PBXFileReference; lastKnownFileType = folder.assetcatalog; path = Assets.xcassets; sourceTree = "<group>"; };
		17AAC5A62651384900233118 /* Preview Assets.xcassets */ = {isa = PBXFileReference; lastKnownFileType = folder.assetcatalog; path = "Preview Assets.xcassets"; sourceTree = "<group>"; };
		17AAC5A82651384900233118 /* Info.plist */ = {isa = PBXFileReference; lastKnownFileType = text.plist.xml; path = Info.plist; sourceTree = "<group>"; };
		17CE041526696E2600A3A6DA /* Extensions.swift */ = {isa = PBXFileReference; lastKnownFileType = sourcecode.swift; path = Extensions.swift; sourceTree = "<group>"; };
/* End PBXFileReference section */

/* Begin PBXFrameworksBuildPhase section */
		1752C9E9266A51AA00F4A798 /* Frameworks */ = {
			isa = PBXFrameworksBuildPhase;
			buildActionMask = 2147483647;
			files = (
			);
			runOnlyForDeploymentPostprocessing = 0;
		};
		17AAC5992651384800233118 /* Frameworks */ = {
			isa = PBXFrameworksBuildPhase;
			buildActionMask = 2147483647;
			files = (
			);
			runOnlyForDeploymentPostprocessing = 0;
		};
/* End PBXFrameworksBuildPhase section */

/* Begin PBXGroup section */
		1752C9ED266A51AA00F4A798 /* macOS */ = {
			isa = PBXGroup;
			children = (
				1752CA03266A53E600F4A798 /* SwiftUI_SidebarApp.swift */,
				1752C9F7266A51AB00F4A798 /* Info.plist */,
				1752C9F8266A51AB00F4A798 /* macOS.entitlements */,
			);
			path = macOS;
			sourceTree = "<group>";
		};
		17AAC5932651384800233118 = {
			isa = PBXGroup;
			children = (
				179C9DD82655BBF900373CF9 /* README.md */,
				17AAC59E2651384800233118 /* SwiftUI-Sidebar */,
				1752C9ED266A51AA00F4A798 /* macOS */,
				17AAC59D2651384800233118 /* Products */,
			);
			sourceTree = "<group>";
		};
		17AAC59D2651384800233118 /* Products */ = {
			isa = PBXGroup;
			children = (
				17AAC59C2651384800233118 /* SwiftUI-Sidebar.app */,
				1752C9EC266A51AA00F4A798 /* SwiftUI-Sidebar.app */,
			);
			name = Products;
			sourceTree = "<group>";
		};
		17AAC59E2651384800233118 /* SwiftUI-Sidebar */ = {
			isa = PBXGroup;
			children = (
				17AAC59F2651384800233118 /* SwiftUI_SidebarApp.swift */,
				17AAC5A12651384800233118 /* ContentView.swift */,
				179C9DCF2655B49300373CF9 /* SidebarList.swift */,
				179C9DD12655B5B800373CF9 /* PrimaryView.swift */,
				179C9DD32655B6A000373CF9 /* SecondaryView.swift */,
				1752CA05266A5FCB00F4A798 /* Styling.swift */,
				17CE041526696E2600A3A6DA /* Extensions.swift */,
				179C9DCD26554CE500373CF9 /* Model.swift */,
				17AAC5A32651384900233118 /* Assets.xcassets */,
				17AAC5A82651384900233118 /* Info.plist */,
				17AAC5A52651384900233118 /* Preview Content */,
			);
			path = "SwiftUI-Sidebar";
			sourceTree = "<group>";
		};
		17AAC5A52651384900233118 /* Preview Content */ = {
			isa = PBXGroup;
			children = (
				17AAC5A62651384900233118 /* Preview Assets.xcassets */,
			);
			path = "Preview Content";
			sourceTree = "<group>";
		};
/* End PBXGroup section */

/* Begin PBXNativeTarget section */
		1752C9EB266A51AA00F4A798 /* App (macOS) */ = {
			isa = PBXNativeTarget;
			buildConfigurationList = 1752C9FB266A51AB00F4A798 /* Build configuration list for PBXNativeTarget "App (macOS)" */;
			buildPhases = (
				1752C9E8266A51AA00F4A798 /* Sources */,
				1752C9E9266A51AA00F4A798 /* Frameworks */,
				1752C9EA266A51AA00F4A798 /* Resources */,
			);
			buildRules = (
			);
			dependencies = (
			);
			name = "App (macOS)";
			productName = "SwiftUI-Sidebar (macOS)";
			productReference = 1752C9EC266A51AA00F4A798 /* SwiftUI-Sidebar.app */;
			productType = "com.apple.product-type.application";
		};
		17AAC59B2651384800233118 /* App (iOS) */ = {
			isa = PBXNativeTarget;
			buildConfigurationList = 17AAC5AB2651384900233118 /* Build configuration list for PBXNativeTarget "App (iOS)" */;
			buildPhases = (
				17AAC5982651384800233118 /* Sources */,
				17AAC5992651384800233118 /* Frameworks */,
				17AAC59A2651384800233118 /* Resources */,
			);
			buildRules = (
			);
			dependencies = (
			);
			name = "App (iOS)";
			productName = "SwiftUI-Sidebar";
			productReference = 17AAC59C2651384800233118 /* SwiftUI-Sidebar.app */;
			productType = "com.apple.product-type.application";
		};
/* End PBXNativeTarget section */

/* Begin PBXProject section */
		17AAC5942651384800233118 /* Project object */ = {
			isa = PBXProject;
			attributes = {
				LastSwiftUpdateCheck = 1250;
				LastUpgradeCheck = 1250;
				TargetAttributes = {
					1752C9EB266A51AA00F4A798 = {
						CreatedOnToolsVersion = 12.5;
					};
					17AAC59B2651384800233118 = {
						CreatedOnToolsVersion = 12.5;
					};
				};
			};
			buildConfigurationList = 17AAC5972651384800233118 /* Build configuration list for PBXProject "SwiftUI-Sidebar" */;
			compatibilityVersion = "Xcode 9.3";
			developmentRegion = en;
			hasScannedForEncodings = 0;
			knownRegions = (
				en,
				Base,
			);
			mainGroup = 17AAC5932651384800233118;
			productRefGroup = 17AAC59D2651384800233118 /* Products */;
			projectDirPath = "";
			projectRoot = "";
			targets = (
				17AAC59B2651384800233118 /* App (iOS) */,
				1752C9EB266A51AA00F4A798 /* App (macOS) */,
			);
		};
/* End PBXProject section */

/* Begin PBXResourcesBuildPhase section */
		1752C9EA266A51AA00F4A798 /* Resources */ = {
			isa = PBXResourcesBuildPhase;
			buildActionMask = 2147483647;
			files = (
			);
			runOnlyForDeploymentPostprocessing = 0;
		};
		17AAC59A2651384800233118 /* Resources */ = {
			isa = PBXResourcesBuildPhase;
			buildActionMask = 2147483647;
			files = (
				17AAC5A72651384900233118 /* Preview Assets.xcassets in Resources */,
				17AAC5A42651384900233118 /* Assets.xcassets in Resources */,
			);
			runOnlyForDeploymentPostprocessing = 0;
		};
/* End PBXResourcesBuildPhase section */

/* Begin PBXSourcesBuildPhase section */
		1752C9E8266A51AA00F4A798 /* Sources */ = {
			isa = PBXSourcesBuildPhase;
			buildActionMask = 2147483647;
			files = (
				1752CA04266A53F300F4A798 /* SwiftUI_SidebarApp.swift in Sources */,
				1752CA02266A539F00F4A798 /* Model.swift in Sources */,
				1752CA07266A603D00F4A798 /* Styling.swift in Sources */,
				1752CA00266A539F00F4A798 /* Extensions.swift in Sources */,
				1752C9FC266A539F00F4A798 /* SidebarList.swift in Sources */,
				1752C9FD266A539F00F4A798 /* SecondaryView.swift in Sources */,
				1752CA01266A539F00F4A798 /* PrimaryView.swift in Sources */,
				1752C9FF266A539F00F4A798 /* ContentView.swift in Sources */,
			);
			runOnlyForDeploymentPostprocessing = 0;
		};
		17AAC5982651384800233118 /* Sources */ = {
			isa = PBXSourcesBuildPhase;
			buildActionMask = 2147483647;
			files = (
				179C9DD42655B6A000373CF9 /* SecondaryView.swift in Sources */,
				179C9DCE26554CE500373CF9 /* Model.swift in Sources */,
				1752CA06266A603C00F4A798 /* Styling.swift in Sources */,
				17AAC5A22651384800233118 /* ContentView.swift in Sources */,
				179C9DD02655B49300373CF9 /* SidebarList.swift in Sources */,
				17AAC5A02651384800233118 /* SwiftUI_SidebarApp.swift in Sources */,
				179C9DD22655B5B800373CF9 /* PrimaryView.swift in Sources */,
				17CE041626696E2600A3A6DA /* Extensions.swift in Sources */,
			);
			runOnlyForDeploymentPostprocessing = 0;
		};
/* End PBXSourcesBuildPhase section */

/* Begin XCBuildConfiguration section */
		1752C9F9266A51AB00F4A798 /* Debug */ = {
			isa = XCBuildConfiguration;
			buildSettings = {
				ASSETCATALOG_COMPILER_APPICON_NAME = AppIcon;
				ASSETCATALOG_COMPILER_GLOBAL_ACCENT_COLOR_NAME = AccentColor;
				CODE_SIGN_ENTITLEMENTS = macOS/macOS.entitlements;
				CODE_SIGN_STYLE = Automatic;
				COMBINE_HIDPI_IMAGES = YES;
				DEVELOPMENT_ASSET_PATHS = "";
				ENABLE_PREVIEWS = YES;
				INFOPLIST_FILE = macOS/Info.plist;
				LD_RUNPATH_SEARCH_PATHS = (
					"$(inherited)",
					"@executable_path/../Frameworks",
				);
				MACOSX_DEPLOYMENT_TARGET = 11.3;
				PRODUCT_BUNDLE_IDENTIFIER = "$(inherited).macOS";
				SDKROOT = macosx;
				SWIFT_VERSION = 5.0;
			};
			name = Debug;
		};
		1752C9FA266A51AB00F4A798 /* Release */ = {
			isa = XCBuildConfiguration;
			buildSettings = {
				ASSETCATALOG_COMPILER_APPICON_NAME = AppIcon;
				ASSETCATALOG_COMPILER_GLOBAL_ACCENT_COLOR_NAME = AccentColor;
				CODE_SIGN_ENTITLEMENTS = macOS/macOS.entitlements;
				CODE_SIGN_STYLE = Automatic;
				COMBINE_HIDPI_IMAGES = YES;
				DEVELOPMENT_ASSET_PATHS = "";
				ENABLE_PREVIEWS = YES;
				INFOPLIST_FILE = macOS/Info.plist;
				LD_RUNPATH_SEARCH_PATHS = (
					"$(inherited)",
					"@executable_path/../Frameworks",
				);
				MACOSX_DEPLOYMENT_TARGET = 11.3;
				PRODUCT_BUNDLE_IDENTIFIER = "$(inherited).macOS";
				SDKROOT = macosx;
				SWIFT_VERSION = 5.0;
			};
			name = Release;
		};
		17AAC5A92651384900233118 /* Debug */ = {
			isa = XCBuildConfiguration;
			buildSettings = {
				ALWAYS_SEARCH_USER_PATHS = NO;
				CLANG_ANALYZER_NONNULL = YES;
				CLANG_ANALYZER_NUMBER_OBJECT_CONVERSION = YES_AGGRESSIVE;
				CLANG_CXX_LANGUAGE_STANDARD = "gnu++14";
				CLANG_CXX_LIBRARY = "libc++";
				CLANG_ENABLE_MODULES = YES;
				CLANG_ENABLE_OBJC_ARC = YES;
				CLANG_ENABLE_OBJC_WEAK = YES;
				CLANG_WARN_BLOCK_CAPTURE_AUTORELEASING = YES;
				CLANG_WARN_BOOL_CONVERSION = YES;
				CLANG_WARN_COMMA = YES;
				CLANG_WARN_CONSTANT_CONVERSION = YES;
				CLANG_WARN_DEPRECATED_OBJC_IMPLEMENTATIONS = YES;
				CLANG_WARN_DIRECT_OBJC_ISA_USAGE = YES_ERROR;
				CLANG_WARN_DOCUMENTATION_COMMENTS = YES;
				CLANG_WARN_EMPTY_BODY = YES;
				CLANG_WARN_ENUM_CONVERSION = YES;
				CLANG_WARN_INFINITE_RECURSION = YES;
				CLANG_WARN_INT_CONVERSION = YES;
				CLANG_WARN_NON_LITERAL_NULL_CONVERSION = YES;
				CLANG_WARN_OBJC_IMPLICIT_RETAIN_SELF = YES;
				CLANG_WARN_OBJC_LITERAL_CONVERSION = YES;
				CLANG_WARN_OBJC_ROOT_CLASS = YES_ERROR;
				CLANG_WARN_QUOTED_INCLUDE_IN_FRAMEWORK_HEADER = YES;
				CLANG_WARN_RANGE_LOOP_ANALYSIS = YES;
				CLANG_WARN_STRICT_PROTOTYPES = YES;
				CLANG_WARN_SUSPICIOUS_MOVE = YES;
				CLANG_WARN_UNGUARDED_AVAILABILITY = YES_AGGRESSIVE;
				CLANG_WARN_UNREACHABLE_CODE = YES;
				CLANG_WARN__DUPLICATE_METHOD_MATCH = YES;
				COPY_PHASE_STRIP = NO;
				DEBUG_INFORMATION_FORMAT = dwarf;
				ENABLE_STRICT_OBJC_MSGSEND = YES;
				ENABLE_TESTABILITY = YES;
				GCC_C_LANGUAGE_STANDARD = gnu11;
				GCC_DYNAMIC_NO_PIC = NO;
				GCC_NO_COMMON_BLOCKS = YES;
				GCC_OPTIMIZATION_LEVEL = 0;
				GCC_PREPROCESSOR_DEFINITIONS = (
					"DEBUG=1",
					"$(inherited)",
				);
				GCC_WARN_64_TO_32_BIT_CONVERSION = YES;
				GCC_WARN_ABOUT_RETURN_TYPE = YES_ERROR;
				GCC_WARN_UNDECLARED_SELECTOR = YES;
				GCC_WARN_UNINITIALIZED_AUTOS = YES_AGGRESSIVE;
				GCC_WARN_UNUSED_FUNCTION = YES;
				GCC_WARN_UNUSED_VARIABLE = YES;
				IPHONEOS_DEPLOYMENT_TARGET = 14.5;
				MTL_ENABLE_DEBUG_INFO = INCLUDE_SOURCE;
				MTL_FAST_MATH = YES;
				ONLY_ACTIVE_ARCH = YES;
				PRODUCT_BUNDLE_IDENTIFIER = "com.yourcompany.SwiftUI-Sidebar";
				PRODUCT_NAME = "SwiftUI-Sidebar";
				SDKROOT = iphoneos;
				SWIFT_ACTIVE_COMPILATION_CONDITIONS = DEBUG;
				SWIFT_OPTIMIZATION_LEVEL = "-Onone";
			};
			name = Debug;
		};
		17AAC5AA2651384900233118 /* Release */ = {
			isa = XCBuildConfiguration;
			buildSettings = {
				ALWAYS_SEARCH_USER_PATHS = NO;
				CLANG_ANALYZER_NONNULL = YES;
				CLANG_ANALYZER_NUMBER_OBJECT_CONVERSION = YES_AGGRESSIVE;
				CLANG_CXX_LANGUAGE_STANDARD = "gnu++14";
				CLANG_CXX_LIBRARY = "libc++";
				CLANG_ENABLE_MODULES = YES;
				CLANG_ENABLE_OBJC_ARC = YES;
				CLANG_ENABLE_OBJC_WEAK = YES;
				CLANG_WARN_BLOCK_CAPTURE_AUTORELEASING = YES;
				CLANG_WARN_BOOL_CONVERSION = YES;
				CLANG_WARN_COMMA = YES;
				CLANG_WARN_CONSTANT_CONVERSION = YES;
				CLANG_WARN_DEPRECATED_OBJC_IMPLEMENTATIONS = YES;
				CLANG_WARN_DIRECT_OBJC_ISA_USAGE = YES_ERROR;
				CLANG_WARN_DOCUMENTATION_COMMENTS = YES;
				CLANG_WARN_EMPTY_BODY = YES;
				CLANG_WARN_ENUM_CONVERSION = YES;
				CLANG_WARN_INFINITE_RECURSION = YES;
				CLANG_WARN_INT_CONVERSION = YES;
				CLANG_WARN_NON_LITERAL_NULL_CONVERSION = YES;
				CLANG_WARN_OBJC_IMPLICIT_RETAIN_SELF = YES;
				CLANG_WARN_OBJC_LITERAL_CONVERSION = YES;
				CLANG_WARN_OBJC_ROOT_CLASS = YES_ERROR;
				CLANG_WARN_QUOTED_INCLUDE_IN_FRAMEWORK_HEADER = YES;
				CLANG_WARN_RANGE_LOOP_ANALYSIS = YES;
				CLANG_WARN_STRICT_PROTOTYPES = YES;
				CLANG_WARN_SUSPICIOUS_MOVE = YES;
				CLANG_WARN_UNGUARDED_AVAILABILITY = YES_AGGRESSIVE;
				CLANG_WARN_UNREACHABLE_CODE = YES;
				CLANG_WARN__DUPLICATE_METHOD_MATCH = YES;
				COPY_PHASE_STRIP = NO;
				DEBUG_INFORMATION_FORMAT = "dwarf-with-dsym";
				ENABLE_NS_ASSERTIONS = NO;
				ENABLE_STRICT_OBJC_MSGSEND = YES;
				GCC_C_LANGUAGE_STANDARD = gnu11;
				GCC_NO_COMMON_BLOCKS = YES;
				GCC_WARN_64_TO_32_BIT_CONVERSION = YES;
				GCC_WARN_ABOUT_RETURN_TYPE = YES_ERROR;
				GCC_WARN_UNDECLARED_SELECTOR = YES;
				GCC_WARN_UNINITIALIZED_AUTOS = YES_AGGRESSIVE;
				GCC_WARN_UNUSED_FUNCTION = YES;
				GCC_WARN_UNUSED_VARIABLE = YES;
				IPHONEOS_DEPLOYMENT_TARGET = 14.5;
				MTL_ENABLE_DEBUG_INFO = NO;
				MTL_FAST_MATH = YES;
				PRODUCT_BUNDLE_IDENTIFIER = "com.yourcompany.SwiftUI-Sidebar";
				PRODUCT_NAME = "SwiftUI-Sidebar";
				SDKROOT = iphoneos;
				SWIFT_COMPILATION_MODE = wholemodule;
				SWIFT_OPTIMIZATION_LEVEL = "-O";
				VALIDATE_PRODUCT = YES;
			};
			name = Release;
		};
		17AAC5AC2651384900233118 /* Debug */ = {
			isa = XCBuildConfiguration;
			buildSettings = {
				ASSETCATALOG_COMPILER_APPICON_NAME = AppIcon;
				ASSETCATALOG_COMPILER_GLOBAL_ACCENT_COLOR_NAME = AccentColor;
				CODE_SIGN_STYLE = Automatic;
				DEVELOPMENT_ASSET_PATHS = "\"SwiftUI-Sidebar/Preview Content\"";
				DEVELOPMENT_TEAM = P8CC95REUG;
				ENABLE_PREVIEWS = YES;
				INFOPLIST_FILE = "SwiftUI-Sidebar/Info.plist";
				IPHONEOS_DEPLOYMENT_TARGET = 14.0;
				LD_RUNPATH_SEARCH_PATHS = (
					"$(inherited)",
					"@executable_path/Frameworks",
				);
				PRODUCT_BUNDLE_IDENTIFIER = "$(inherited).iOS";
				SWIFT_VERSION = 5.0;
				TARGETED_DEVICE_FAMILY = "1,2";
			};
			name = Debug;
		};
		17AAC5AD2651384900233118 /* Release */ = {
			isa = XCBuildConfiguration;
			buildSettings = {
				ASSETCATALOG_COMPILER_APPICON_NAME = AppIcon;
				ASSETCATALOG_COMPILER_GLOBAL_ACCENT_COLOR_NAME = AccentColor;
				CODE_SIGN_STYLE = Automatic;
				DEVELOPMENT_ASSET_PATHS = "\"SwiftUI-Sidebar/Preview Content\"";
				DEVELOPMENT_TEAM = P8CC95REUG;
				ENABLE_PREVIEWS = YES;
				INFOPLIST_FILE = "SwiftUI-Sidebar/Info.plist";
				IPHONEOS_DEPLOYMENT_TARGET = 14.0;
				LD_RUNPATH_SEARCH_PATHS = (
					"$(inherited)",
					"@executable_path/Frameworks",
				);
				PRODUCT_BUNDLE_IDENTIFIER = "$(inherited).iOS";
				SWIFT_VERSION = 5.0;
				TARGETED_DEVICE_FAMILY = "1,2";
			};
			name = Release;
		};
/* End XCBuildConfiguration section */

/* Begin XCConfigurationList section */
		1752C9FB266A51AB00F4A798 /* Build configuration list for PBXNativeTarget "App (macOS)" */ = {
			isa = XCConfigurationList;
			buildConfigurations = (
				1752C9F9266A51AB00F4A798 /* Debug */,
				1752C9FA266A51AB00F4A798 /* Release */,
			);
			defaultConfigurationIsVisible = 0;
			defaultConfigurationName = Release;
		};
		17AAC5972651384800233118 /* Build configuration list for PBXProject "SwiftUI-Sidebar" */ = {
			isa = XCConfigurationList;
			buildConfigurations = (
				17AAC5A92651384900233118 /* Debug */,
				17AAC5AA2651384900233118 /* Release */,
			);
			defaultConfigurationIsVisible = 0;
			defaultConfigurationName = Release;
		};
		17AAC5AB2651384900233118 /* Build configuration list for PBXNativeTarget "App (iOS)" */ = {
			isa = XCConfigurationList;
			buildConfigurations = (
				17AAC5AC2651384900233118 /* Debug */,
				17AAC5AD2651384900233118 /* Release */,
			);
			defaultConfigurationIsVisible = 0;
			defaultConfigurationName = Release;
		};
/* End XCConfigurationList section */
	};
	rootObject = 17AAC5942651384800233118 /* Project object */;
}
